
Microsoft Visual Studio Solution File, Format Version 12.00
# Visual Studio Version 17
VisualStudioVersion = 17.8.34330.188
MinimumVisualStudioVersion = 10.0.40219.1
Project("{9A19103F-16F7-4668-BE54-9A1E7A4F7556}") = "DataGridPG", "DataGridPG\DataGridPG.csproj", "{9620D9FB-CB5A-45B4-970B-0E4DE545A6C5}"
EndProject
Global
	GlobalSection(SolutionConfigurationPlatforms) = preSolution
		Debug|Any CPU = Debug|Any CPU
		Release|Any CPU = Release|Any CPU
	EndGlobalSection
	GlobalSection(ProjectConfigurationPlatforms) = postSolution
		{9620D9FB-CB5A-45B4-970B-0E4DE545A6C5}.Debug|Any CPU.ActiveCfg = Debug|Any CPU
		{9620D9FB-CB5A-45B4-970B-0E4DE545A6C5}.Debug|Any CPU.Build.0 = Debug|Any CPU
		{9620D9FB-CB5A-45B4-970B-0E4DE545A6C5}.Release|Any CPU.ActiveCfg = Release|Any CPU
		{9620D9FB-CB5A-45B4-970B-0E4DE545A6C5}.Release|Any CPU.Build.0 = Release|Any CPU
	EndGlobalSection
	GlobalSection(SolutionProperties) = preSolution
		HideSolutionNode = FALSE
	EndGlobalSection
	GlobalSection(ExtensibilityGlobals) = postSolution
		SolutionGuid = {F0C21264-2F25-4D44-8E0D-C67C38B412CC}
	EndGlobalSection
EndGlobal
